
Microsoft Visual Studio Solution File, Format Version 12.00
# Visual Studio 14
VisualStudioVersion = 14.0.25420.1
MinimumVisualStudioVersion = 10.0.40219.1
Project("{FAE04EC0-301F-11D3-BF4B-00C04F79EFBC}") = "coba2", "coba1\coba2.csproj", "{758D0C42-9DB4-4294-A887-50C3CC5E7D25}"
EndProject
Global
	GlobalSection(SolutionConfigurationPlatforms) = preSolution
		Debug|Any CPU = Debug|Any CPU
		Release|Any CPU = Release|Any CPU
	EndGlobalSection
	GlobalSection(ProjectConfigurationPlatforms) = postSolution
		{758D0C42-9DB4-4294-A887-50C3CC5E7D25}.Debug|Any CPU.ActiveCfg = Debug|Any CPU
		{758D0C42-9DB4-4294-A887-50C3CC5E7D25}.Debug|Any CPU.Build.0 = Debug|Any CPU
		{758D0C42-9DB4-4294-A887-50C3CC5E7D25}.Release|Any CPU.ActiveCfg = Release|Any CPU
		{758D0C42-9DB4-4294-A887-50C3CC5E7D25}.Release|Any CPU.Build.0 = Release|Any CPU
	EndGlobalSection
	GlobalSection(SolutionProperties) = preSolution
		HideSolutionNode = FALSE
	EndGlobalSection
	GlobalSection(ExtensibilityGlobals) = postSolution
		SolutionGuid = {6E2FC2E2-0ADA-484C-B8A9-D4EDA8982A84}
	EndGlobalSection
EndGlobal
